
Microsoft Visual Studio Solution File, Format Version 12.00
# Visual Studio Version 17
VisualStudioVersion = 17.12.35707.178
MinimumVisualStudioVersion = 10.0.40219.1
Project("{FAE04EC0-301F-11D3-BF4B-00C04F79EFBC}") = "CSVEndpoint", "CSVEndpoint\CSVEndpoint.csproj", "{AB59A896-55B2-42BF-899E-5F2970AE096B}"
EndProject
Project("{FAE04EC0-301F-11D3-BF4B-00C04F79EFBC}") = "CSVEndpoint_DataAccess", "CSV_DataAccess\CSVEndpoint_DataAccess.csproj", "{64CAACF2-1D78-43DC-B075-A67EBF36985D}"
EndProject
Project("{FAE04EC0-301F-11D3-BF4B-00C04F79EFBC}") = "CSVEndpoint_BLO", "CSVEndpoint_BLO\CSVEndpoint_BLO.csproj", "{3204BA61-EB15-4746-AA65-F7A154ACCCD9}"
EndProject
Project("{FAE04EC0-301F-11D3-BF4B-00C04F79EFBC}") = "CSVEndpoint_Model", "CSVEndpoint_Model\CSVEndpoint_Model.csproj", "{F1FB6071-43B5-45EE-8B5F-0474A8030FB7}"
EndProject
Global
	GlobalSection(SolutionConfigurationPlatforms) = preSolution
		Debug|Any CPU = Debug|Any CPU
		Release|Any CPU = Release|Any CPU
	EndGlobalSection
	GlobalSection(ProjectConfigurationPlatforms) = postSolution
		{AB59A896-55B2-42BF-899E-5F2970AE096B}.Debug|Any CPU.ActiveCfg = Debug|Any CPU
		{AB59A896-55B2-42BF-899E-5F2970AE096B}.Debug|Any CPU.Build.0 = Debug|Any CPU
		{AB59A896-55B2-42BF-899E-5F2970AE096B}.Release|Any CPU.ActiveCfg = Release|Any CPU
		{AB59A896-55B2-42BF-899E-5F2970AE096B}.Release|Any CPU.Build.0 = Release|Any CPU
		{64CAACF2-1D78-43DC-B075-A67EBF36985D}.Debug|Any CPU.ActiveCfg = Debug|Any CPU
		{64CAACF2-1D78-43DC-B075-A67EBF36985D}.Debug|Any CPU.Build.0 = Debug|Any CPU
		{64CAACF2-1D78-43DC-B075-A67EBF36985D}.Release|Any CPU.ActiveCfg = Release|Any CPU
		{64CAACF2-1D78-43DC-B075-A67EBF36985D}.Release|Any CPU.Build.0 = Release|Any CPU
		{3204BA61-EB15-4746-AA65-F7A154ACCCD9}.Debug|Any CPU.ActiveCfg = Debug|Any CPU
		{3204BA61-EB15-4746-AA65-F7A154ACCCD9}.Debug|Any CPU.Build.0 = Debug|Any CPU
		{3204BA61-EB15-4746-AA65-F7A154ACCCD9}.Release|Any CPU.ActiveCfg = Release|Any CPU
		{3204BA61-EB15-4746-AA65-F7A154ACCCD9}.Release|Any CPU.Build.0 = Release|Any CPU
		{F1FB6071-43B5-45EE-8B5F-0474A8030FB7}.Debug|Any CPU.ActiveCfg = Debug|Any CPU
		{F1FB6071-43B5-45EE-8B5F-0474A8030FB7}.Debug|Any CPU.Build.0 = Debug|Any CPU
		{F1FB6071-43B5-45EE-8B5F-0474A8030FB7}.Release|Any CPU.ActiveCfg = Release|Any CPU
		{F1FB6071-43B5-45EE-8B5F-0474A8030FB7}.Release|Any CPU.Build.0 = Release|Any CPU
	EndGlobalSection
	GlobalSection(SolutionProperties) = preSolution
		HideSolutionNode = FALSE
	EndGlobalSection
EndGlobal
